Microsoft Visual Studio Solution File, Format Version 12.00
# Visual Studio Version 17
VisualStudioVersion = 17.5.2.0
MinimumVisualStudioVersion = 10.0.40219.1
Project("{FAE04EC0-301F-11D3-BF4B-00C04F79EFBC}") = "QudKorean", "QudKorean.csproj", "{0A419CBD-0CD8-DECD-5AC1-F6372DA7277F}"
EndProject
Project("{2150E333-8FDC-42A3-9474-1A3956D46DE8}") = "tools", "tools", "{07C2787E-EAC7-C090-1BA3-A61EC2A24D84}"
EndProject
Project("{2150E333-8FDC-42A3-9474-1A3956D46DE8}") = "Assets", "Assets", "{F9C182FD-9162-FD69-8F9D-F6E4642E19CF}"
EndProject
Project("{FAE04EC0-301F-11D3-BF4B-00C04F79EFBC}") = "HarmonyAnalyzer", "tools\HarmonyAnalyzer\HarmonyAnalyzer.csproj", "{B8F6E419-3536-6BA1-CDEA-F565EFA85A76}"
EndProject
Project("{2150E333-8FDC-42A3-9474-1A3956D46DE8}") = "core_source", "core_source", "{A1607C94-00E4-E12B-C883-36ED4D5E43D7}"
EndProject
Project("{2150E333-8FDC-42A3-9474-1A3956D46DE8}") = "EngineSupport", "EngineSupport", "{97DBF847-B909-1468-E278-CCB4E9BAF5EF}"
EndProject
Project("{FAE04EC0-301F-11D3-BF4B-00C04F79EFBC}") = "Assembly-CSharp", "Assets\core_source\EngineSupport\Assembly-CSharp.csproj", "{33421217-6DA9-85FB-6CA8-9F35FB0E228A}"
EndProject
Global
	GlobalSection(SolutionConfigurationPlatforms) = preSolution
		Debug|Any CPU = Debug|Any CPU
		Release|Any CPU = Release|Any CPU
	EndGlobalSection
	GlobalSection(ProjectConfigurationPlatforms) = postSolution
		{0A419CBD-0CD8-DECD-5AC1-F6372DA7277F}.Debug|Any CPU.ActiveCfg = Debug|Any CPU
		{0A419CBD-0CD8-DECD-5AC1-F6372DA7277F}.Debug|Any CPU.Build.0 = Debug|Any CPU
		{0A419CBD-0CD8-DECD-5AC1-F6372DA7277F}.Release|Any CPU.ActiveCfg = Release|Any CPU
		{0A419CBD-0CD8-DECD-5AC1-F6372DA7277F}.Release|Any CPU.Build.0 = Release|Any CPU
		{B8F6E419-3536-6BA1-CDEA-F565EFA85A76}.Debug|Any CPU.ActiveCfg = Debug|Any CPU
		{B8F6E419-3536-6BA1-CDEA-F565EFA85A76}.Debug|Any CPU.Build.0 = Debug|Any CPU
		{B8F6E419-3536-6BA1-CDEA-F565EFA85A76}.Release|Any CPU.ActiveCfg = Release|Any CPU
		{B8F6E419-3536-6BA1-CDEA-F565EFA85A76}.Release|Any CPU.Build.0 = Release|Any CPU
		{33421217-6DA9-85FB-6CA8-9F35FB0E228A}.Debug|Any CPU.ActiveCfg = Debug|Any CPU
		{33421217-6DA9-85FB-6CA8-9F35FB0E228A}.Debug|Any CPU.Build.0 = Debug|Any CPU
		{33421217-6DA9-85FB-6CA8-9F35FB0E228A}.Release|Any CPU.ActiveCfg = Release|Any CPU
		{33421217-6DA9-85FB-6CA8-9F35FB0E228A}.Release|Any CPU.Build.0 = Release|Any CPU
	EndGlobalSection
	GlobalSection(SolutionProperties) = preSolution
		HideSolutionNode = FALSE
	EndGlobalSection
	GlobalSection(NestedProjects) = preSolution
		{B8F6E419-3536-6BA1-CDEA-F565EFA85A76} = {07C2787E-EAC7-C090-1BA3-A61EC2A24D84}
		{A1607C94-00E4-E12B-C883-36ED4D5E43D7} = {F9C182FD-9162-FD69-8F9D-F6E4642E19CF}
		{97DBF847-B909-1468-E278-CCB4E9BAF5EF} = {A1607C94-00E4-E12B-C883-36ED4D5E43D7}
		{33421217-6DA9-85FB-6CA8-9F35FB0E228A} = {97DBF847-B909-1468-E278-CCB4E9BAF5EF}
	EndGlobalSection
	GlobalSection(ExtensibilityGlobals) = postSolution
		SolutionGuid = {16EC5D66-DE0F-44E8-BDB6-D5DC1C3BDC2B}
	EndGlobalSection
EndGlobal
